
Microsoft Visual Studio Solution File, Format Version 12.00
# Visual Studio 15
Project("{FAE04EC0-301F-11D3-BF4B-00C04F79EFBC}") = "Study201907", "Study201907\Study201907.csproj", "{4A857A2C-3749-4D6C-9BF0-F3020392B291}"
EndProject
Global
	GlobalSection(SolutionConfigurationPlatforms) = preSolution
		Debug|Any CPU = Debug|Any CPU
		Release|Any CPU = Release|Any CPU
	EndGlobalSection
	GlobalSection(ProjectConfigurationPlatforms) = postSolution
		{4A857A2C-3749-4D6C-9BF0-F3020392B291}.Debug|Any CPU.ActiveCfg = Debug|Any CPU
		{4A857A2C-3749-4D6C-9BF0-F3020392B291}.Debug|Any CPU.Build.0 = Debug|Any CPU
		{4A857A2C-3749-4D6C-9BF0-F3020392B291}.Release|Any CPU.ActiveCfg = Release|Any CPU
		{4A857A2C-3749-4D6C-9BF0-F3020392B291}.Release|Any CPU.Build.0 = Release|Any CPU
	EndGlobalSection
EndGlobal
